Microsoft Visual Studio Solution File, Format Version 12.00
# Visual Studio Version 17
VisualStudioVersion = 17.13.35919.96
MinimumVisualStudioVersion = 10.0.40219.1
Project("{FAE04EC0-301F-11D3-BF4B-00C04F79EFBC}") = "Calculadora", "Calculadora.csproj", "{B07E50F2-E407-4C09-87A6-0BDADB2F2FCF}"
EndProject
Project("{FAE04EC0-301F-11D3-BF4B-00C04F79EFBC}") = "Calculadora.Application", "..\Calculadora.Application\Calculadora.Application.csproj", "{F2E440EB-3983-4506-AE49-47459554056B}"
EndProject
Global
	GlobalSection(SolutionConfigurationPlatforms) = preSolution
		Debug|Any CPU = Debug|Any CPU
		Release|Any CPU = Release|Any CPU
	EndGlobalSection
	GlobalSection(ProjectConfigurationPlatforms) = postSolution
		{B07E50F2-E407-4C09-87A6-0BDADB2F2FCF}.Debug|Any CPU.ActiveCfg = Debug|Any CPU
		{B07E50F2-E407-4C09-87A6-0BDADB2F2FCF}.Debug|Any CPU.Build.0 = Debug|Any CPU
		{B07E50F2-E407-4C09-87A6-0BDADB2F2FCF}.Release|Any CPU.ActiveCfg = Release|Any CPU
		{B07E50F2-E407-4C09-87A6-0BDADB2F2FCF}.Release|Any CPU.Build.0 = Release|Any CPU
		{F2E440EB-3983-4506-AE49-47459554056B}.Debug|Any CPU.ActiveCfg = Debug|Any CPU
		{F2E440EB-3983-4506-AE49-47459554056B}.Debug|Any CPU.Build.0 = Debug|Any CPU
		{F2E440EB-3983-4506-AE49-47459554056B}.Release|Any CPU.ActiveCfg = Release|Any CPU
		{F2E440EB-3983-4506-AE49-47459554056B}.Release|Any CPU.Build.0 = Release|Any CPU
	EndGlobalSection
	GlobalSection(SolutionProperties) = preSolution
		HideSolutionNode = FALSE
	EndGlobalSection
	GlobalSection(ExtensibilityGlobals) = postSolution
		SolutionGuid = {91DF3942-BDCF-4334-8BBC-BF9439D39F5F}
	EndGlobalSection
EndGlobal
