{
  "version": 4,
  "terraform_version": "1.9.5",
  "serial": 18,
  "lineage": "a981af36-9dc2-187a-12b0-db34c5978e8c",
  "outputs": {
    "ecs_cluster_name": {
      "value": "CalculadoraCluster",
      "type": "string"
    }
  },
  "resources": [
    {
      "mode": "data",
      "type": "aws_caller_identity",
      "name": "current",
      "provider": "provider[\"registry.terraform.io/hashicorp/aws\"]",
      "instances": [
        {
          "schema_version": 0,
          "attributes": {
            "account_id": "974090536112",
            "arn": "arn:aws:iam::974090536112:user/terraform2024",
            "id": "974090536112",
            "user_id": "AIDA6FTCSASYNCP4ORE4E"
          },
          "sensitive_attributes": []
        }
      ]
    },
    {
      "mode": "data",
      "type": "aws_iam_policy_document",
      "name": "app_policy",
      "provider": "provider[\"registry.terraform.io/hashicorp/aws\"]",
      "instances": [
        {
          "schema_version": 0,
          "attributes": {
            "id": "296491159",
            "json": "{\n  \"Version\": \"2012-10-17\",\n  \"Statement\": [\n    {\n      \"Effect\": \"Allow\",\n      \"Action\": [\n        \"logs:PutLogEvents\",\n        \"logs:CreateLogStream\",\n        \"logs:CreateLogGroup\",\n        \"ecs:DescribeClusters\",\n        \"ecr:GetDownloadUrlForLayer\",\n        \"ecr:GetAuthorizationToken\",\n        \"ecr:BatchGetImage\",\n        \"ecr:BatchCheckLayerAvailability\"\n      ],\n      \"Resource\": \"*\"\n    },\n    {\n      \"Sid\": \"AllowReadParameters\",\n      \"Effect\": \"Allow\",\n      \"Action\": [\n        \"ssm:GetParameter\",\n        \"secretmanager:List\",\n        \"secretmanager:GetSecretValue\",\n        \"secretmanager:Get\",\n        \"secretmanager:Describe\"\n      ],\n      \"Resource\": \"*\"\n    },\n    {\n      \"Sid\": \"AllowKMS\",\n      \"Effect\": \"Allow\",\n      \"Action\": [\n        \"kms:ReEncrypt\",\n        \"kms:ListKeyPolicies\",\n        \"kms:GenerateDataKey\",\n        \"kms:Encrypt\",\n        \"kms:DescribeKey\",\n        \"kms:Decrypt\",\n        \"kms:CreateGrant\"\n      ],\n      \"Resource\": \"*\"\n    },\n    {\n      \"Sid\": \"AllowIam\",\n      \"Effect\": \"Allow\",\n      \"Action\": [\n        \"lambda:InvokeFunction\",\n        \"lambda:InvokeAsync\",\n        \"iam:UpdateRoleDescription\",\n        \"iam:PassRole\",\n        \"iam:GetServiceLinkedRoleDeletetionStatus\",\n        \"iam:GetRole\",\n        \"iam:DeleteServiceLinkedRole\",\n        \"iam:CreateServiceLinkedRole\",\n        \"iam:AttachRolePolicy\"\n      ],\n      \"Resource\": \"*\"\n    }\n  ]\n}",
            "minified_json": "{\"Version\":\"2012-10-17\",\"Statement\":[{\"Effect\":\"Allow\",\"Action\":[\"logs:PutLogEvents\",\"logs:CreateLogStream\",\"logs:CreateLogGroup\",\"ecs:DescribeClusters\",\"ecr:GetDownloadUrlForLayer\",\"ecr:GetAuthorizationToken\",\"ecr:BatchGetImage\",\"ecr:BatchCheckLayerAvailability\"],\"Resource\":\"*\"},{\"Sid\":\"AllowReadParameters\",\"Effect\":\"Allow\",\"Action\":[\"ssm:GetParameter\",\"secretmanager:List\",\"secretmanager:GetSecretValue\",\"secretmanager:Get\",\"secretmanager:Describe\"],\"Resource\":\"*\"},{\"Sid\":\"AllowKMS\",\"Effect\":\"Allow\",\"Action\":[\"kms:ReEncrypt\",\"kms:ListKeyPolicies\",\"kms:GenerateDataKey\",\"kms:Encrypt\",\"kms:DescribeKey\",\"kms:Decrypt\",\"kms:CreateGrant\"],\"Resource\":\"*\"},{\"Sid\":\"AllowIam\",\"Effect\":\"Allow\",\"Action\":[\"lambda:InvokeFunction\",\"lambda:InvokeAsync\",\"iam:UpdateRoleDescription\",\"iam:PassRole\",\"iam:GetServiceLinkedRoleDeletetionStatus\",\"iam:GetRole\",\"iam:DeleteServiceLinkedRole\",\"iam:CreateServiceLinkedRole\",\"iam:AttachRolePolicy\"],\"Resource\":\"*\"}]}",
            "override_json": null,
            "override_policy_documents": null,
            "policy_id": null,
            "source_json": null,
            "source_policy_documents": null,
            "statement": [
              {
                "actions": [
                  "ecr:BatchCheckLayerAvailability",
                  "ecr:BatchGetImage",
                  "ecr:GetAuthorizationToken",
                  "ecr:GetDownloadUrlForLayer",
                  "ecs:DescribeClusters",
                  "logs:CreateLogGroup",
                  "logs:CreateLogStream",
                  "logs:PutLogEvents"
                ],
                "condition": [],
                "effect": "Allow",
                "not_actions": [],
                "not_principals": [],
                "not_resources": [],
                "principals": [],
                "resources": [
                  "*"
                ],
                "sid": ""
              },
              {
                "actions": [
                  "secretmanager:Describe",
                  "secretmanager:Get",
                  "secretmanager:GetSecretValue",
                  "secretmanager:List",
                  "ssm:GetParameter"
                ],
                "condition": [],
                "effect": "Allow",
                "not_actions": [],
                "not_principals": [],
                "not_resources": [],
                "principals": [],
                "resources": [
                  "*"
                ],
                "sid": "AllowReadParameters"
              },
              {
                "actions": [
                  "kms:CreateGrant",
                  "kms:Decrypt",
                  "kms:DescribeKey",
                  "kms:Encrypt",
                  "kms:GenerateDataKey",
                  "kms:ListKeyPolicies",
                  "kms:ReEncrypt"
                ],
                "condition": [],
                "effect": "Allow",
                "not_actions": [],
                "not_principals": [],
                "not_resources": [],
                "principals": [],
                "resources": [
                  "*"
                ],
                "sid": "AllowKMS"
              },
              {
                "actions": [
                  "iam:AttachRolePolicy",
                  "iam:CreateServiceLinkedRole",
                  "iam:DeleteServiceLinkedRole",
                  "iam:GetRole",
                  "iam:GetServiceLinkedRoleDeletetionStatus",
                  "iam:PassRole",
                  "iam:UpdateRoleDescription",
                  "lambda:InvokeAsync",
                  "lambda:InvokeFunction"
                ],
                "condition": [],
                "effect": "Allow",
                "not_actions": [],
                "not_principals": [],
                "not_resources": [],
                "principals": [],
                "resources": [
                  "*"
                ],
                "sid": "AllowIam"
              }
            ],
            "version": "2012-10-17"
          },
          "sensitive_attributes": []
        }
      ]
    },
    {
      "mode": "data",
      "type": "aws_iam_policy_document",
      "name": "app_role_assume_role_policy",
      "provider": "provider[\"registry.terraform.io/hashicorp/aws\"]",
      "instances": [
        {
          "schema_version": 0,
          "attributes": {
            "id": "1895348101",
            "json": "{\n  \"Version\": \"2012-10-17\",\n  \"Statement\": [\n    {\n      \"Effect\": \"Allow\",\n      \"Action\": \"sts:AssumeRole\",\n      \"Principal\": {\n        \"Service\": [\n          \"ecs-tasks.amazonaws.com\",\n          \"ec2.amazonaws.com\"\n        ]\n      }\n    }\n  ]\n}",
            "minified_json": "{\"Version\":\"2012-10-17\",\"Statement\":[{\"Effect\":\"Allow\",\"Action\":\"sts:AssumeRole\",\"Principal\":{\"Service\":[\"ecs-tasks.amazonaws.com\",\"ec2.amazonaws.com\"]}}]}",
            "override_json": null,
            "override_policy_documents": null,
            "policy_id": null,
            "source_json": null,
            "source_policy_documents": null,
            "statement": [
              {
                "actions": [
                  "sts:AssumeRole"
                ],
                "condition": [],
                "effect": "Allow",
                "not_actions": [],
                "not_principals": [],
                "not_resources": [],
                "principals": [
                  {
                    "identifiers": [
                      "ec2.amazonaws.com",
                      "ecs-tasks.amazonaws.com"
                    ],
                    "type": "Service"
                  }
                ],
                "resources": [],
                "sid": ""
              }
            ],
            "version": "2012-10-17"
          },
          "sensitive_attributes": []
        }
      ]
    },
    {
      "mode": "managed",
      "type": "aws_cloudwatch_log_group",
      "name": "my_log_group",
      "provider": "provider[\"registry.terraform.io/hashicorp/aws\"]",
      "instances": [
        {
          "schema_version": 0,
          "attributes": {
            "arn": "arn:aws:logs:us-east-1:974090536112:log-group:/ecs/CalculadoraApiServices/",
            "id": "/ecs/CalculadoraApiServices/",
            "kms_key_id": "",
            "log_group_class": "STANDARD",
            "name": "/ecs/CalculadoraApiServices/",
            "name_prefix": "",
            "retention_in_days": 0,
            "skip_destroy": false,
            "tags": {
              "Application": "CalculadoraApiServices",
              "Environment": "Production"
            },
            "tags_all": {
              "Application": "CalculadoraApiServices",
              "Environment": "Production"
            }
          },
          "sensitive_attributes": [],
          "private": "bnVsbA=="
        }
      ]
    },
    {
      "mode": "managed",
      "type": "aws_ecs_cluster",
      "name": "ecs_cluster",
      "provider": "provider[\"registry.terraform.io/hashicorp/aws\"]",
      "instances": [
        {
          "schema_version": 0,
          "attributes": {
            "arn": "arn:aws:ecs:us-east-1:974090536112:cluster/CalculadoraCluster",
            "configuration": [],
            "id": "arn:aws:ecs:us-east-1:974090536112:cluster/CalculadoraCluster",
            "name": "CalculadoraCluster",
            "service_connect_defaults": [],
            "setting": [
              {
                "name": "containerInsights",
                "value": "enabled"
              }
            ],
            "tags": {
              "Environment": "production",
              "Name": "CalculadoraCluster"
            },
            "tags_all": {
              "Environment": "production",
              "Name": "CalculadoraCluster"
            }
          },
          "sensitive_attributes": [],
          "private": "bnVsbA=="
        }
      ]
    },
    {
      "mode": "managed",
      "type": "aws_ecs_service",
      "name": "ecs_service",
      "provider": "provider[\"registry.terraform.io/hashicorp/aws\"]",
      "instances": [
        {
          "schema_version": 1,
          "attributes": {
            "alarms": [],
            "availability_zone_rebalancing": "DISABLED",
            "capacity_provider_strategy": [],
            "cluster": "CalculadoraCluster",
            "deployment_circuit_breaker": [
              {
                "enable": false,
                "rollback": false
              }
            ],
            "deployment_controller": [
              {
                "type": "ECS"
              }
            ],
            "deployment_maximum_percent": 200,
            "deployment_minimum_healthy_percent": 100,
            "desired_count": 1,
            "enable_ecs_managed_tags": false,
            "enable_execute_command": false,
            "force_delete": null,
            "force_new_deployment": null,
            "health_check_grace_period_seconds": 0,
            "iam_role": "/aws-service-role/ecs.amazonaws.com/AWSServiceRoleForECS",
            "id": "arn:aws:ecs:us-east-1:974090536112:service/CalculadoraCluster/CalculadoraApiServices",
            "launch_type": "FARGATE",
            "load_balancer": [
              {
                "container_name": "CalculadoraApiServices",
                "container_port": 5010,
                "elb_name": "",
                "target_group_arn": "arn:aws:elasticloadbalancing:us-east-1:974090536112:targetgroup/CalculadoraApiServices-tg/afcce1fbd02ac545"
              }
            ],
            "name": "CalculadoraApiServices",
            "network_configuration": [
              {
                "assign_public_ip": true,
                "security_groups": [
                  "sg-08b18254159a552fb"
                ],
                "subnets": [
                  "subnet-01c0af08e99846282",
                  "subnet-04212cadd784e9d94",
                  "subnet-0771f4c0ef57014df",
                  "subnet-0af742977e1f4edee",
                  "subnet-0cc1289caf4bcee8f",
                  "subnet-0ef16b943cf37c00b"
                ]
              }
            ],
            "ordered_placement_strategy": [],
            "placement_constraints": [],
            "platform_version": "LATEST",
            "propagate_tags": "NONE",
            "scheduling_strategy": "REPLICA",
            "service_connect_configuration": [],
            "service_registries": [],
            "tags": null,
            "tags_all": {},
            "task_definition": "arn:aws:ecs:us-east-1:974090536112:task-definition/CalculadoraApiServices:1",
            "timeouts": null,
            "triggers": {},
            "volume_configuration": [],
            "vpc_lattice_configurations": [],
            "wait_for_steady_state": false
          },
          "sensitive_attributes": [],
          "private": "eyJlMmJmYjczMC1lY2FhLTExZTYtOGY4OC0zNDM2M2JjN2M0YzAiOnsiY3JlYXRlIjoxMjAwMDAwMDAwMDAwLCJkZWxldGUiOjEyMDAwMDAwMDAwMDAsInVwZGF0ZSI6MTIwMDAwMDAwMDAwMH0sInNjaGVtYV92ZXJzaW9uIjoiMSJ9",
          "dependencies": [
            "aws_ecs_cluster.ecs_cluster",
            "aws_ecs_task_definition.ecs_task",
            "aws_iam_role.app_role",
            "aws_iam_role.ecs_task_role",
            "aws_lb.alb",
            "aws_lb_listener.alb_listener",
            "aws_lb_listener_rule.alb_listener_rule",
            "aws_lb_target_group.ecs_tg",
            "aws_security_group.alb_security",
            "aws_security_group.ecs_security_group",
            "data.aws_caller_identity.current",
            "data.aws_iam_policy_document.app_role_assume_role_policy"
          ]
        }
      ]
    },
    {
      "mode": "managed",
      "type": "aws_ecs_task_definition",
      "name": "ecs_task",
      "provider": "provider[\"registry.terraform.io/hashicorp/aws\"]",
      "instances": [
        {
          "schema_version": 1,
          "attributes": {
            "arn": "arn:aws:ecs:us-east-1:974090536112:task-definition/CalculadoraApiServices:1",
            "arn_without_revision": "arn:aws:ecs:us-east-1:974090536112:task-definition/CalculadoraApiServices",
            "container_definitions": "[{\"environment\":[{\"name\":\"ASPNETCORE_ENVIRONMENT\",\"value\":\"prod\"},{\"name\":\"ASPNETCORE_HTTP_PORTS\",\"value\":\"5010\"},{\"name\":\"ENABLE_LOGGING\",\"value\":\"false\"},{\"name\":\"ENVIRONMENT\",\"value\":\"prod\"},{\"name\":\"HEALTHCHECK\",\"value\":\"/\"},{\"name\":\"PORT\",\"value\":\"5010\"}],\"essential\":true,\"image\":\"974090536112.dkr.ecr.us-east-1.amazonaws.com/ecs_calculadora_api:v1.0\",\"logConfiguration\":{\"logDriver\":\"awslogs\",\"options\":{\"awslogs-region\":\"us-east-1\",\"awslogs-stream-prefix\":\"ecs\",\"awslogs-group\":\"/ecs/CalculadoraApiServices/\"}},\"mountPoints\":[],\"name\":\"CalculadoraApiServices\",\"portMappings\":[{\"containerPort\":5010,\"hostPort\":5010,\"protocol\":\"tcp\"}],\"systemControls\":[],\"volumesFrom\":[]}]",
            "cpu": "256",
            "enable_fault_injection": false,
            "ephemeral_storage": [],
            "execution_role_arn": "arn:aws:iam::974090536112:role/CalculadoraApiServices-role",
            "family": "CalculadoraApiServices",
            "id": "CalculadoraApiServices",
            "inference_accelerator": [],
            "ipc_mode": "",
            "memory": "512",
            "network_mode": "awsvpc",
            "pid_mode": "",
            "placement_constraints": [],
            "proxy_configuration": [],
            "requires_compatibilities": [
              "FARGATE"
            ],
            "revision": 1,
            "runtime_platform": [],
            "skip_destroy": false,
            "tags": null,
            "tags_all": {},
            "task_role_arn": "arn:aws:iam::974090536112:role/Calculadora_ecs_task_role",
            "track_latest": false,
            "volume": []
          },
          "sensitive_attributes": [],
          "private": "eyJzY2hlbWFfdmVyc2lvbiI6IjEifQ==",
          "dependencies": [
            "aws_iam_role.app_role",
            "aws_iam_role.ecs_task_role",
            "data.aws_caller_identity.current",
            "data.aws_iam_policy_document.app_role_assume_role_policy"
          ]
        }
      ]
    },
    {
      "mode": "managed",
      "type": "aws_iam_role",
      "name": "app_role",
      "provider": "provider[\"registry.terraform.io/hashicorp/aws\"]",
      "instances": [
        {
          "schema_version": 0,
          "attributes": {
            "arn": "arn:aws:iam::974090536112:role/CalculadoraApiServices-role",
            "assume_role_policy": "{\"Statement\":[{\"Action\":\"sts:AssumeRole\",\"Effect\":\"Allow\",\"Principal\":{\"Service\":[\"ecs-tasks.amazonaws.com\",\"ec2.amazonaws.com\"]}}],\"Version\":\"2012-10-17\"}",
            "create_date": "2025-05-01T14:10:07Z",
            "description": "",
            "force_detach_policies": false,
            "id": "CalculadoraApiServices-role",
            "inline_policy": [],
            "managed_policy_arns": [],
            "max_session_duration": 3600,
            "name": "CalculadoraApiServices-role",
            "name_prefix": "",
            "path": "/",
            "permissions_boundary": "",
            "tags": null,
            "tags_all": {},
            "unique_id": "AROA6FTCSASYKLDVADZYX"
          },
          "sensitive_attributes": [],
          "private": "bnVsbA==",
          "dependencies": [
            "data.aws_iam_policy_document.app_role_assume_role_policy"
          ]
        }
      ]
    },
    {
      "mode": "managed",
      "type": "aws_iam_role",
      "name": "ecs_task_role",
      "provider": "provider[\"registry.terraform.io/hashicorp/aws\"]",
      "instances": [
        {
          "schema_version": 0,
          "attributes": {
            "arn": "arn:aws:iam::974090536112:role/Calculadora_ecs_task_role",
            "assume_role_policy": "{\"Statement\":[{\"Action\":\"sts:AssumeRole\",\"Effect\":\"Allow\",\"Principal\":{\"Service\":\"ecs-tasks.amazonaws.com\"}}],\"Version\":\"2012-10-17\"}",
            "create_date": "2025-05-01T14:10:07Z",
            "description": "",
            "force_detach_policies": false,
            "id": "Calculadora_ecs_task_role",
            "inline_policy": [],
            "managed_policy_arns": [],
            "max_session_duration": 3600,
            "name": "Calculadora_ecs_task_role",
            "name_prefix": "",
            "path": "/",
            "permissions_boundary": "",
            "tags": null,
            "tags_all": {},
            "unique_id": "AROA6FTCSASYGSVJPKRZC"
          },
          "sensitive_attributes": [],
          "private": "bnVsbA=="
        }
      ]
    },
    {
      "mode": "managed",
      "type": "aws_iam_role_policy",
      "name": "app_policy",
      "provider": "provider[\"registry.terraform.io/hashicorp/aws\"]",
      "instances": [
        {
          "schema_version": 0,
          "attributes": {
            "id": "CalculadoraApiServices-role:CalculadoraApiServices-policy",
            "name": "CalculadoraApiServices-policy",
            "name_prefix": "",
            "policy": "{\"Version\":\"2012-10-17\",\"Statement\":[{\"Action\":[\"logs:PutLogEvents\",\"logs:CreateLogStream\",\"logs:CreateLogGroup\",\"ecs:DescribeClusters\",\"ecr:GetDownloadUrlForLayer\",\"ecr:GetAuthorizationToken\",\"ecr:BatchGetImage\",\"ecr:BatchCheckLayerAvailability\"],\"Effect\":\"Allow\",\"Resource\":\"*\"},{\"Action\":[\"ssm:GetParameter\",\"secretmanager:List\",\"secretmanager:GetSecretValue\",\"secretmanager:Get\",\"secretmanager:Describe\"],\"Effect\":\"Allow\",\"Resource\":\"*\",\"Sid\":\"AllowReadParameters\"},{\"Action\":[\"kms:ReEncrypt\",\"kms:ListKeyPolicies\",\"kms:GenerateDataKey\",\"kms:Encrypt\",\"kms:DescribeKey\",\"kms:Decrypt\",\"kms:CreateGrant\"],\"Effect\":\"Allow\",\"Resource\":\"*\",\"Sid\":\"AllowKMS\"},{\"Action\":[\"lambda:InvokeFunction\",\"lambda:InvokeAsync\",\"iam:UpdateRoleDescription\",\"iam:PassRole\",\"iam:GetServiceLinkedRoleDeletetionStatus\",\"iam:GetRole\",\"iam:DeleteServiceLinkedRole\",\"iam:CreateServiceLinkedRole\",\"iam:AttachRolePolicy\"],\"Effect\":\"Allow\",\"Resource\":\"*\",\"Sid\":\"AllowIam\"}]}",
            "role": "CalculadoraApiServices-role"
          },
          "sensitive_attributes": [],
          "private": "bnVsbA==",
          "dependencies": [
            "aws_iam_role.app_role",
            "data.aws_iam_policy_document.app_policy",
            "data.aws_iam_policy_document.app_role_assume_role_policy"
          ]
        }
      ]
    },
    {
      "mode": "managed",
      "type": "aws_lb",
      "name": "alb",
      "provider": "provider[\"registry.terraform.io/hashicorp/aws\"]",
      "instances": [
        {
          "schema_version": 0,
          "attributes": {
            "access_logs": [
              {
                "bucket": "",
                "enabled": false,
                "prefix": ""
              }
            ],
            "arn": "arn:aws:elasticloadbalancing:us-east-1:974090536112:loadbalancer/app/calculadora-applb/cf67f6475034037d",
            "arn_suffix": "app/calculadora-applb/cf67f6475034037d",
            "client_keep_alive": 3600,
            "connection_logs": [
              {
                "bucket": "",
                "enabled": false,
                "prefix": ""
              }
            ],
            "customer_owned_ipv4_pool": "",
            "desync_mitigation_mode": "defensive",
            "dns_name": "calculadora-applb-332306224.us-east-1.elb.amazonaws.com",
            "dns_record_client_routing_policy": null,
            "drop_invalid_header_fields": false,
            "enable_cross_zone_load_balancing": true,
            "enable_deletion_protection": false,
            "enable_http2": true,
            "enable_tls_version_and_cipher_suite_headers": false,
            "enable_waf_fail_open": false,
            "enable_xff_client_port": false,
            "enable_zonal_shift": false,
            "enforce_security_group_inbound_rules_on_private_link_traffic": "",
            "id": "arn:aws:elasticloadbalancing:us-east-1:974090536112:loadbalancer/app/calculadora-applb/cf67f6475034037d",
            "idle_timeout": 60,
            "internal": false,
            "ip_address_type": "ipv4",
            "ipam_pools": [],
            "load_balancer_type": "application",
            "name": "calculadora-applb",
            "name_prefix": "",
            "preserve_host_header": false,
            "security_groups": [
              "sg-0067b3e19f4f65541"
            ],
            "subnet_mapping": [
              {
                "allocation_id": "",
                "ipv6_address": "",
                "outpost_id": "",
                "private_ipv4_address": "",
                "subnet_id": "subnet-01c0af08e99846282"
              },
              {
                "allocation_id": "",
                "ipv6_address": "",
                "outpost_id": "",
                "private_ipv4_address": "",
                "subnet_id": "subnet-04212cadd784e9d94"
              },
              {
                "allocation_id": "",
                "ipv6_address": "",
                "outpost_id": "",
                "private_ipv4_address": "",
                "subnet_id": "subnet-0771f4c0ef57014df"
              },
              {
                "allocation_id": "",
                "ipv6_address": "",
                "outpost_id": "",
                "private_ipv4_address": "",
                "subnet_id": "subnet-0af742977e1f4edee"
              },
              {
                "allocation_id": "",
                "ipv6_address": "",
                "outpost_id": "",
                "private_ipv4_address": "",
                "subnet_id": "subnet-0cc1289caf4bcee8f"
              },
              {
                "allocation_id": "",
                "ipv6_address": "",
                "outpost_id": "",
                "private_ipv4_address": "",
                "subnet_id": "subnet-0ef16b943cf37c00b"
              }
            ],
            "subnets": [
              "subnet-01c0af08e99846282",
              "subnet-04212cadd784e9d94",
              "subnet-0771f4c0ef57014df",
              "subnet-0af742977e1f4edee",
              "subnet-0cc1289caf4bcee8f",
              "subnet-0ef16b943cf37c00b"
            ],
            "tags": null,
            "tags_all": {},
            "timeouts": null,
            "vpc_id": "vpc-07b4251d2601fba2d",
            "xff_header_processing_mode": "append",
            "zone_id": "Z35SXDOTRQ7X7K"
          },
          "sensitive_attributes": [],
          "private": "eyJlMmJmYjczMC1lY2FhLTExZTYtOGY4OC0zNDM2M2JjN2M0YzAiOnsiY3JlYXRlIjo2MDAwMDAwMDAwMDAsImRlbGV0ZSI6NjAwMDAwMDAwMDAwLCJ1cGRhdGUiOjYwMDAwMDAwMDAwMH19",
          "dependencies": [
            "aws_security_group.alb_security"
          ]
        }
      ]
    },
    {
      "mode": "managed",
      "type": "aws_lb_listener",
      "name": "alb_listener",
      "provider": "provider[\"registry.terraform.io/hashicorp/aws\"]",
      "instances": [
        {
          "schema_version": 0,
          "attributes": {
            "alpn_policy": null,
            "arn": "arn:aws:elasticloadbalancing:us-east-1:974090536112:listener/app/calculadora-applb/cf67f6475034037d/98cfd53f04bef453",
            "certificate_arn": null,
            "default_action": [
              {
                "authenticate_cognito": [],
                "authenticate_oidc": [],
                "fixed_response": [],
                "forward": [],
                "order": 1,
                "redirect": [],
                "target_group_arn": "arn:aws:elasticloadbalancing:us-east-1:974090536112:targetgroup/CalculadoraApiServices-tg/afcce1fbd02ac545",
                "type": "forward"
              }
            ],
            "id": "arn:aws:elasticloadbalancing:us-east-1:974090536112:listener/app/calculadora-applb/cf67f6475034037d/98cfd53f04bef453",
            "load_balancer_arn": "arn:aws:elasticloadbalancing:us-east-1:974090536112:loadbalancer/app/calculadora-applb/cf67f6475034037d",
            "mutual_authentication": [],
            "port": 5010,
            "protocol": "HTTP",
            "routing_http_request_x_amzn_mtls_clientcert_header_name": null,
            "routing_http_request_x_amzn_mtls_clientcert_issuer_header_name": null,
            "routing_http_request_x_amzn_mtls_clientcert_leaf_header_name": null,
            "routing_http_request_x_amzn_mtls_clientcert_serial_number_header_name": null,
            "routing_http_request_x_amzn_mtls_clientcert_subject_header_name": null,
            "routing_http_request_x_amzn_mtls_clientcert_validity_header_name": null,
            "routing_http_request_x_amzn_tls_cipher_suite_header_name": null,
            "routing_http_request_x_amzn_tls_version_header_name": null,
            "routing_http_response_access_control_allow_credentials_header_value": "",
            "routing_http_response_access_control_allow_headers_header_value": "",
            "routing_http_response_access_control_allow_methods_header_value": "",
            "routing_http_response_access_control_allow_origin_header_value": "",
            "routing_http_response_access_control_expose_headers_header_value": "",
            "routing_http_response_access_control_max_age_header_value": "",
            "routing_http_response_content_security_policy_header_value": "",
            "routing_http_response_server_enabled": false,
            "routing_http_response_strict_transport_security_header_value": "",
            "routing_http_response_x_content_type_options_header_value": "",
            "routing_http_response_x_frame_options_header_value": "",
            "ssl_policy": "",
            "tags": null,
            "tags_all": {},
            "tcp_idle_timeout_seconds": null,
            "timeouts": null
          },
          "sensitive_attributes": [],
          "private": "eyJlMmJmYjczMC1lY2FhLTExZTYtOGY4OC0zNDM2M2JjN2M0YzAiOnsiY3JlYXRlIjozMDAwMDAwMDAwMDAsInVwZGF0ZSI6MzAwMDAwMDAwMDAwfX0=",
          "dependencies": [
            "aws_lb.alb",
            "aws_lb_target_group.ecs_tg",
            "aws_security_group.alb_security"
          ]
        }
      ]
    },
    {
      "mode": "managed",
      "type": "aws_lb_listener_rule",
      "name": "alb_listener_rule",
      "provider": "provider[\"registry.terraform.io/hashicorp/aws\"]",
      "instances": [
        {
          "schema_version": 0,
          "attributes": {
            "action": [
              {
                "authenticate_cognito": [],
                "authenticate_oidc": [],
                "fixed_response": [],
                "forward": [],
                "order": 1,
                "redirect": [],
                "target_group_arn": "arn:aws:elasticloadbalancing:us-east-1:974090536112:targetgroup/CalculadoraApiServices-tg/afcce1fbd02ac545",
                "type": "forward"
              }
            ],
            "arn": "arn:aws:elasticloadbalancing:us-east-1:974090536112:listener-rule/app/calculadora-applb/cf67f6475034037d/98cfd53f04bef453/cce90d43129e31d1",
            "condition": [
              {
                "host_header": [],
                "http_header": [],
                "http_request_method": [],
                "path_pattern": [
                  {
                    "values": [
                      "*"
                    ]
                  }
                ],
                "query_string": [],
                "source_ip": []
              }
            ],
            "id": "arn:aws:elasticloadbalancing:us-east-1:974090536112:listener-rule/app/calculadora-applb/cf67f6475034037d/98cfd53f04bef453/cce90d43129e31d1",
            "listener_arn": "arn:aws:elasticloadbalancing:us-east-1:974090536112:listener/app/calculadora-applb/cf67f6475034037d/98cfd53f04bef453",
            "priority": 1,
            "tags": null,
            "tags_all": {}
          },
          "sensitive_attributes": [],
          "private": "bnVsbA==",
          "dependencies": [
            "aws_lb.alb",
            "aws_lb_listener.alb_listener",
            "aws_lb_target_group.ecs_tg",
            "aws_security_group.alb_security"
          ]
        }
      ]
    },
    {
      "mode": "managed",
      "type": "aws_lb_target_group",
      "name": "ecs_tg",
      "provider": "provider[\"registry.terraform.io/hashicorp/aws\"]",
      "instances": [
        {
          "schema_version": 0,
          "attributes": {
            "arn": "arn:aws:elasticloadbalancing:us-east-1:974090536112:targetgroup/CalculadoraApiServices-tg/afcce1fbd02ac545",
            "arn_suffix": "targetgroup/CalculadoraApiServices-tg/afcce1fbd02ac545",
            "connection_termination": null,
            "deregistration_delay": "300",
            "health_check": [
              {
                "enabled": true,
                "healthy_threshold": 5,
                "interval": 30,
                "matcher": "200-299",
                "path": "/",
                "port": "traffic-port",
                "protocol": "HTTP",
                "timeout": 15,
                "unhealthy_threshold": 5
              }
            ],
            "id": "arn:aws:elasticloadbalancing:us-east-1:974090536112:targetgroup/CalculadoraApiServices-tg/afcce1fbd02ac545",
            "ip_address_type": "ipv4",
            "lambda_multi_value_headers_enabled": false,
            "load_balancer_arns": [],
            "load_balancing_algorithm_type": "round_robin",
            "load_balancing_anomaly_mitigation": "off",
            "load_balancing_cross_zone_enabled": "use_load_balancer_configuration",
            "name": "CalculadoraApiServices-tg",
            "name_prefix": "",
            "port": 5010,
            "preserve_client_ip": null,
            "protocol": "HTTP",
            "protocol_version": "HTTP1",
            "proxy_protocol_v2": false,
            "slow_start": 0,
            "stickiness": [
              {
                "cookie_duration": 86400,
                "cookie_name": "",
                "enabled": false,
                "type": "lb_cookie"
              }
            ],
            "tags": null,
            "tags_all": {},
            "target_failover": [
              {
                "on_deregistration": null,
                "on_unhealthy": null
              }
            ],
            "target_group_health": [
              {
                "dns_failover": [
                  {
                    "minimum_healthy_targets_count": "1",
                    "minimum_healthy_targets_percentage": "off"
                  }
                ],
                "unhealthy_state_routing": [
                  {
                    "minimum_healthy_targets_count": 1,
                    "minimum_healthy_targets_percentage": "off"
                  }
                ]
              }
            ],
            "target_health_state": [
              {
                "enable_unhealthy_connection_termination": null,
                "unhealthy_draining_interval": null
              }
            ],
            "target_type": "ip",
            "vpc_id": "vpc-07b4251d2601fba2d"
          },
          "sensitive_attributes": [],
          "private": "bnVsbA=="
        }
      ]
    },
    {
      "mode": "managed",
      "type": "aws_security_group",
      "name": "alb_security",
      "provider": "provider[\"registry.terraform.io/hashicorp/aws\"]",
      "instances": [
        {
          "schema_version": 1,
          "attributes": {
            "arn": "arn:aws:ec2:us-east-1:974090536112:security-group/sg-0067b3e19f4f65541",
            "description": "Managed by Terraform",
            "egress": [],
            "id": "sg-0067b3e19f4f65541",
            "ingress": [],
            "name": "calculadora_alb_security",
            "name_prefix": "",
            "owner_id": "974090536112",
            "revoke_rules_on_delete": false,
            "tags": null,
            "tags_all": {},
            "timeouts": null,
            "vpc_id": "vpc-07b4251d2601fba2d"
          },
          "sensitive_attributes": [],
          "private": "eyJlMmJmYjczMC1lY2FhLTExZTYtOGY4OC0zNDM2M2JjN2M0YzAiOnsiY3JlYXRlIjo2MDAwMDAwMDAwMDAsImRlbGV0ZSI6OTAwMDAwMDAwMDAwfSwic2NoZW1hX3ZlcnNpb24iOiIxIn0="
        }
      ]
    },
    {
      "mode": "managed",
      "type": "aws_security_group",
      "name": "ecs_security_group",
      "provider": "provider[\"registry.terraform.io/hashicorp/aws\"]",
      "instances": [
        {
          "schema_version": 1,
          "attributes": {
            "arn": "arn:aws:ec2:us-east-1:974090536112:security-group/sg-08b18254159a552fb",
            "description": "Security group para o servico ECS",
            "egress": [
              {
                "cidr_blocks": [
                  "0.0.0.0/0"
                ],
                "description": "Permitir todo o trafego de saida",
                "from_port": 0,
                "ipv6_cidr_blocks": [],
                "prefix_list_ids": [],
                "protocol": "-1",
                "security_groups": [],
                "self": false,
                "to_port": 0
              }
            ],
            "id": "sg-08b18254159a552fb",
            "ingress": [
              {
                "cidr_blocks": [
                  "0.0.0.0/0"
                ],
                "description": "Permitir trafego na porta 5010",
                "from_port": 5010,
                "ipv6_cidr_blocks": [],
                "prefix_list_ids": [],
                "protocol": "tcp",
                "security_groups": [],
                "self": false,
                "to_port": 5010
              }
            ],
            "name": "ecs_security_group-CalculadoraApiServices",
            "name_prefix": "",
            "owner_id": "974090536112",
            "revoke_rules_on_delete": false,
            "tags": {
              "Name": "ecs-security-group"
            },
            "tags_all": {
              "Name": "ecs-security-group"
            },
            "timeouts": null,
            "vpc_id": "vpc-07b4251d2601fba2d"
          },
          "sensitive_attributes": [],
          "private": "eyJlMmJmYjczMC1lY2FhLTExZTYtOGY4OC0zNDM2M2JjN2M0YzAiOnsiY3JlYXRlIjo2MDAwMDAwMDAwMDAsImRlbGV0ZSI6OTAwMDAwMDAwMDAwfSwic2NoZW1hX3ZlcnNpb24iOiIxIn0="
        }
      ]
    },
    {
      "mode": "managed",
      "type": "aws_security_group_rule",
      "name": "out_alb",
      "provider": "provider[\"registry.terraform.io/hashicorp/aws\"]",
      "instances": [
        {
          "schema_version": 2,
          "attributes": {
            "cidr_blocks": [
              "0.0.0.0/0"
            ],
            "description": null,
            "from_port": 0,
            "id": "sgrule-1545621205",
            "ipv6_cidr_blocks": null,
            "prefix_list_ids": null,
            "protocol": "-1",
            "security_group_id": "sg-0067b3e19f4f65541",
            "security_group_rule_id": "sgr-0ab6a271c17aec1ad",
            "self": false,
            "source_security_group_id": null,
            "timeouts": null,
            "to_port": 0,
            "type": "egress"
          },
          "sensitive_attributes": [],
          "private": "eyJlMmJmYjczMC1lY2FhLTExZTYtOGY4OC0zNDM2M2JjN2M0YzAiOnsiY3JlYXRlIjozMDAwMDAwMDAwMDB9LCJzY2hlbWFfdmVyc2lvbiI6IjIifQ==",
          "dependencies": [
            "aws_security_group.alb_security"
          ]
        }
      ]
    },
    {
      "mode": "managed",
      "type": "aws_security_group_rule",
      "name": "tcp_alb",
      "provider": "provider[\"registry.terraform.io/hashicorp/aws\"]",
      "instances": [
        {
          "schema_version": 2,
          "attributes": {
            "cidr_blocks": [
              "0.0.0.0/0"
            ],
            "description": null,
            "from_port": 5010,
            "id": "sgrule-138728580",
            "ipv6_cidr_blocks": null,
            "prefix_list_ids": null,
            "protocol": "tcp",
            "security_group_id": "sg-0067b3e19f4f65541",
            "security_group_rule_id": "sgr-02a186932f6bff0dd",
            "self": false,
            "source_security_group_id": null,
            "timeouts": null,
            "to_port": 5010,
            "type": "ingress"
          },
          "sensitive_attributes": [],
          "private": "eyJlMmJmYjczMC1lY2FhLTExZTYtOGY4OC0zNDM2M2JjN2M0YzAiOnsiY3JlYXRlIjozMDAwMDAwMDAwMDB9LCJzY2hlbWFfdmVyc2lvbiI6IjIifQ==",
          "dependencies": [
            "aws_security_group.alb_security"
          ]
        }
      ]
    }
  ],
  "check_results": null
}
